
Microsoft Visual Studio Solution File, Format Version 12.00
# Visual Studio Version 16
VisualStudioVersion = 16.0.30804.86
MinimumVisualStudioVersion = 10.0.40219.1
Project("{FAE04EC0-301F-11D3-BF4B-00C04F79EFBC}") = "PBCheck", "PBCheck\PBCheck.csproj", "{59447876-4EC3-4878-BDDB-C87347872451}"
EndProject
Global
	GlobalSection(SolutionConfigurationPlatforms) = preSolution
		Debug|Any CPU = Debug|Any CPU
		Release|Any CPU = Release|Any CPU
	EndGlobalSection
	GlobalSection(ProjectConfigurationPlatforms) = postSolution
		{59447876-4EC3-4878-BDDB-C87347872451}.Debug|Any CPU.ActiveCfg = Debug|Any CPU
		{59447876-4EC3-4878-BDDB-C87347872451}.Debug|Any CPU.Build.0 = Debug|Any CPU
		{59447876-4EC3-4878-BDDB-C87347872451}.Release|Any CPU.ActiveCfg = Release|Any CPU
		{59447876-4EC3-4878-BDDB-C87347872451}.Release|Any CPU.Build.0 = Release|Any CPU
	EndGlobalSection
	GlobalSection(SolutionProperties) = preSolution
		HideSolutionNode = FALSE
	EndGlobalSection
	GlobalSection(ExtensibilityGlobals) = postSolution
		SolutionGuid = {9E240DB9-DDA5-43E2-BEAC-B7D0515F8056}
	EndGlobalSection
EndGlobal
